
Microsoft Visual Studio Solution File, Format Version 12.00
# Visual Studio 15
VisualStudioVersion = 15.0.27428.2015
MinimumVisualStudioVersion = 10.0.40219.1
Project("{9A19103F-16F7-4668-BE54-9A1E7A4F7556}") = "SafeDI.Forms", "SafeDI.Forms\SafeDI.Forms.csproj", "{653D829B-0154-4C62-95AE-E04B4F1DB5B8}"
EndProject
Project("{FAE04EC0-301F-11D3-BF4B-00C04F79EFBC}") = "SafeDI.Android", "SafeDI.Android\SafeDI.Android.csproj", "{6196FF02-4372-485D-AFD1-66DFC7ACB81C}"
EndProject
Project("{FAE04EC0-301F-11D3-BF4B-00C04F79EFBC}") = "SafeDI.iOS", "SafeDI.iOS\SafeDI.iOS.csproj", "{F60CB97C-7EC1-46EF-A920-E6816951336B}"
EndProject
Project("{9A19103F-16F7-4668-BE54-9A1E7A4F7556}") = "SharedForms", "SharedForms\SharedForms.csproj", "{C159EC0E-0117-4108-9D7D-BBEAFBDEADF4}"
EndProject
Project("{9A19103F-16F7-4668-BE54-9A1E7A4F7556}") = "SafeDI.Lib", "SafeDI.Lib\SafeDI.Lib.csproj", "{2CB21269-2448-4055-A64F-A3B661DC757E}"
EndProject
Project("{9A19103F-16F7-4668-BE54-9A1E7A4F7556}") = "SharedUtils", "SharedUtils\SharedUtils.csproj", "{C1D16766-B472-44C1-A6D2-E66487DFC511}"
EndProject
Project("{FAE04EC0-301F-11D3-BF4B-00C04F79EFBC}") = "SafeDI.Tests", "SafeDI.Tests\SafeDI.Tests.csproj", "{DC872648-3585-4278-ABE1-166176CE5D2F}"
EndProject
Project("{FAE04EC0-301F-11D3-BF4B-00C04F79EFBC}") = "LifecycleAware.Tests", "LifdecycleAware.Tests\LifecycleAware.Tests.csproj", "{15667876-49CC-4C63-9749-8751744EF5FA}"
EndProject
Project("{9A19103F-16F7-4668-BE54-9A1E7A4F7556}") = "LifecycleAware.Lib", "LifecycleAware.Lib\LifecycleAware.Lib.csproj", "{9BEAB2C3-8C89-494E-95F9-4A9C0BE2D9BE}"
EndProject
Project("{FAE04EC0-301F-11D3-BF4B-00C04F79EFBC}") = "LifecycleAware.Android", "LifecycleAware\LifecycleAware.Android\LifecycleAware.Android.csproj", "{3A46A7E6-0565-476E-A3F5-F1D4FF039F2A}"
EndProject
Project("{FAE04EC0-301F-11D3-BF4B-00C04F79EFBC}") = "LifecycleAware.iOS", "LifecycleAware\LifecycleAware.iOS\LifecycleAware.iOS.csproj", "{6741FCF2-6B61-4F04-AF9D-86DB03D54C7E}"
EndProject
Project("{FAE04EC0-301F-11D3-BF4B-00C04F79EFBC}") = "LifecycleAware.Forms", "LifecycleAware\LifecycleAware\LifecycleAware.Forms.csproj", "{D2627D17-9618-458F-9E18-A99A13995328}"
EndProject
Global
	GlobalSection(SolutionConfigurationPlatforms) = preSolution
		Ad-Hoc|Any CPU = Ad-Hoc|Any CPU
		Ad-Hoc|iPhone = Ad-Hoc|iPhone
		Ad-Hoc|iPhoneSimulator = Ad-Hoc|iPhoneSimulator
		AppStore|Any CPU = AppStore|Any CPU
		AppStore|iPhone = AppStore|iPhone
		AppStore|iPhoneSimulator = AppStore|iPhoneSimulator
		Debug|Any CPU = Debug|Any CPU
		Debug|iPhone = Debug|iPhone
		Debug|iPhoneSimulator = Debug|iPhoneSimulator
		Release|Any CPU = Release|Any CPU
		Release|iPhone = Release|iPhone
		Release|iPhoneSimulator = Release|iPhoneSimulator
	EndGlobalSection
	GlobalSection(ProjectConfigurationPlatforms) = postSolution
		{653D829B-0154-4C62-95AE-E04B4F1DB5B8}.Ad-Hoc|Any CPU.ActiveCfg = Debug|Any CPU
		{653D829B-0154-4C62-95AE-E04B4F1DB5B8}.Ad-Hoc|Any CPU.Build.0 = Debug|Any CPU
		{653D829B-0154-4C62-95AE-E04B4F1DB5B8}.Ad-Hoc|iPhone.ActiveCfg = Debug|Any CPU
		{653D829B-0154-4C62-95AE-E04B4F1DB5B8}.Ad-Hoc|iPhone.Build.0 = Debug|Any CPU
		{653D829B-0154-4C62-95AE-E04B4F1DB5B8}.Ad-Hoc|iPhoneSimulator.ActiveCfg = Debug|Any CPU
		{653D829B-0154-4C62-95AE-E04B4F1DB5B8}.Ad-Hoc|iPhoneSimulator.Build.0 = Debug|Any CPU
		{653D829B-0154-4C62-95AE-E04B4F1DB5B8}.AppStore|Any CPU.ActiveCfg = Debug|Any CPU
		{653D829B-0154-4C62-95AE-E04B4F1DB5B8}.AppStore|Any CPU.Build.0 = Debug|Any CPU
		{653D829B-0154-4C62-95AE-E04B4F1DB5B8}.AppStore|iPhone.ActiveCfg = Debug|Any CPU
		{653D829B-0154-4C62-95AE-E04B4F1DB5B8}.AppStore|iPhone.Build.0 = Debug|Any CPU
		{653D829B-0154-4C62-95AE-E04B4F1DB5B8}.AppStore|iPhoneSimulator.ActiveCfg = Debug|Any CPU
		{653D829B-0154-4C62-95AE-E04B4F1DB5B8}.AppStore|iPhoneSimulator.Build.0 = Debug|Any CPU
		{653D829B-0154-4C62-95AE-E04B4F1DB5B8}.Debug|Any CPU.ActiveCfg = Debug|Any CPU
		{653D829B-0154-4C62-95AE-E04B4F1DB5B8}.Debug|Any CPU.Build.0 = Debug|Any CPU
		{653D829B-0154-4C62-95AE-E04B4F1DB5B8}.Debug|iPhone.ActiveCfg = Debug|Any CPU
		{653D829B-0154-4C62-95AE-E04B4F1DB5B8}.Debug|iPhone.Build.0 = Debug|Any CPU
		{653D829B-0154-4C62-95AE-E04B4F1DB5B8}.Debug|iPhoneSimulator.ActiveCfg = Debug|Any CPU
		{653D829B-0154-4C62-95AE-E04B4F1DB5B8}.Debug|iPhoneSimulator.Build.0 = Debug|Any CPU
		{653D829B-0154-4C62-95AE-E04B4F1DB5B8}.Release|Any CPU.ActiveCfg = Release|Any CPU
		{653D829B-0154-4C62-95AE-E04B4F1DB5B8}.Release|Any CPU.Build.0 = Release|Any CPU
		{653D829B-0154-4C62-95AE-E04B4F1DB5B8}.Release|iPhone.ActiveCfg = Release|Any CPU
		{653D829B-0154-4C62-95AE-E04B4F1DB5B8}.Release|iPhone.Build.0 = Release|Any CPU
		{653D829B-0154-4C62-95AE-E04B4F1DB5B8}.Release|iPhoneSimulator.ActiveCfg = Release|Any CPU
		{653D829B-0154-4C62-95AE-E04B4F1DB5B8}.Release|iPhoneSimulator.Build.0 = Release|Any CPU
		{6196FF02-4372-485D-AFD1-66DFC7ACB81C}.Ad-Hoc|Any CPU.ActiveCfg = Release|Any CPU
		{6196FF02-4372-485D-AFD1-66DFC7ACB81C}.Ad-Hoc|Any CPU.Build.0 = Release|Any CPU
		{6196FF02-4372-485D-AFD1-66DFC7ACB81C}.Ad-Hoc|Any CPU.Deploy.0 = Release|Any CPU
		{6196FF02-4372-485D-AFD1-66DFC7ACB81C}.Ad-Hoc|iPhone.ActiveCfg = Release|Any CPU
		{6196FF02-4372-485D-AFD1-66DFC7ACB81C}.Ad-Hoc|iPhone.Build.0 = Release|Any CPU
		{6196FF02-4372-485D-AFD1-66DFC7ACB81C}.Ad-Hoc|iPhone.Deploy.0 = Release|Any CPU
		{6196FF02-4372-485D-AFD1-66DFC7ACB81C}.Ad-Hoc|iPhoneSimulator.ActiveCfg = Release|Any CPU
		{6196FF02-4372-485D-AFD1-66DFC7ACB81C}.Ad-Hoc|iPhoneSimulator.Build.0 = Release|Any CPU
		{6196FF02-4372-485D-AFD1-66DFC7ACB81C}.Ad-Hoc|iPhoneSimulator.Deploy.0 = Release|Any CPU
		{6196FF02-4372-485D-AFD1-66DFC7ACB81C}.AppStore|Any CPU.ActiveCfg = Release|Any CPU
		{6196FF02-4372-485D-AFD1-66DFC7ACB81C}.AppStore|Any CPU.Build.0 = Release|Any CPU
		{6196FF02-4372-485D-AFD1-66DFC7ACB81C}.AppStore|Any CPU.Deploy.0 = Release|Any CPU
		{6196FF02-4372-485D-AFD1-66DFC7ACB81C}.AppStore|iPhone.ActiveCfg = Release|Any CPU
		{6196FF02-4372-485D-AFD1-66DFC7ACB81C}.AppStore|iPhone.Build.0 = Release|Any CPU
		{6196FF02-4372-485D-AFD1-66DFC7ACB81C}.AppStore|iPhone.Deploy.0 = Release|Any CPU
		{6196FF02-4372-485D-AFD1-66DFC7ACB81C}.AppStore|iPhoneSimulator.ActiveCfg = Release|Any CPU
		{6196FF02-4372-485D-AFD1-66DFC7ACB81C}.AppStore|iPhoneSimulator.Build.0 = Release|Any CPU
		{6196FF02-4372-485D-AFD1-66DFC7ACB81C}.AppStore|iPhoneSimulator.Deploy.0 = Release|Any CPU
		{6196FF02-4372-485D-AFD1-66DFC7ACB81C}.Debug|Any CPU.ActiveCfg = Debug|Any CPU
		{6196FF02-4372-485D-AFD1-66DFC7ACB81C}.Debug|Any CPU.Build.0 = Debug|Any CPU
		{6196FF02-4372-485D-AFD1-66DFC7ACB81C}.Debug|Any CPU.Deploy.0 = Debug|Any CPU
		{6196FF02-4372-485D-AFD1-66DFC7ACB81C}.Debug|iPhone.ActiveCfg = Debug|Any CPU
		{6196FF02-4372-485D-AFD1-66DFC7ACB81C}.Debug|iPhone.Build.0 = Debug|Any CPU
		{6196FF02-4372-485D-AFD1-66DFC7ACB81C}.Debug|iPhone.Deploy.0 = Debug|Any CPU
		{6196FF02-4372-485D-AFD1-66DFC7ACB81C}.Debug|iPhoneSimulator.ActiveCfg = Debug|Any CPU
		{6196FF02-4372-485D-AFD1-66DFC7ACB81C}.Debug|iPhoneSimulator.Build.0 = Debug|Any CPU
		{6196FF02-4372-485D-AFD1-66DFC7ACB81C}.Debug|iPhoneSimulator.Deploy.0 = Debug|Any CPU
		{6196FF02-4372-485D-AFD1-66DFC7ACB81C}.Release|Any CPU.ActiveCfg = Release|Any CPU
		{6196FF02-4372-485D-AFD1-66DFC7ACB81C}.Release|Any CPU.Build.0 = Release|Any CPU
		{6196FF02-4372-485D-AFD1-66DFC7ACB81C}.Release|Any CPU.Deploy.0 = Release|Any CPU
		{6196FF02-4372-485D-AFD1-66DFC7ACB81C}.Release|iPhone.ActiveCfg = Release|Any CPU
		{6196FF02-4372-485D-AFD1-66DFC7ACB81C}.Release|iPhone.Build.0 = Release|Any CPU
		{6196FF02-4372-485D-AFD1-66DFC7ACB81C}.Release|iPhone.Deploy.0 = Release|Any CPU
		{6196FF02-4372-485D-AFD1-66DFC7ACB81C}.Release|iPhoneSimulator.ActiveCfg = Release|Any CPU
		{6196FF02-4372-485D-AFD1-66DFC7ACB81C}.Release|iPhoneSimulator.Build.0 = Release|Any CPU
		{6196FF02-4372-485D-AFD1-66DFC7ACB81C}.Release|iPhoneSimulator.Deploy.0 = Release|Any CPU
		{F60CB97C-7EC1-46EF-A920-E6816951336B}.Ad-Hoc|Any CPU.ActiveCfg = Ad-Hoc|iPhone
		{F60CB97C-7EC1-46EF-A920-E6816951336B}.Ad-Hoc|iPhone.ActiveCfg = Ad-Hoc|iPhone
		{F60CB97C-7EC1-46EF-A920-E6816951336B}.Ad-Hoc|iPhone.Build.0 = Ad-Hoc|iPhone
		{F60CB97C-7EC1-46EF-A920-E6816951336B}.Ad-Hoc|iPhoneSimulator.ActiveCfg = Ad-Hoc|iPhoneSimulator
		{F60CB97C-7EC1-46EF-A920-E6816951336B}.Ad-Hoc|iPhoneSimulator.Build.0 = Ad-Hoc|iPhoneSimulator
		{F60CB97C-7EC1-46EF-A920-E6816951336B}.AppStore|Any CPU.ActiveCfg = AppStore|iPhone
		{F60CB97C-7EC1-46EF-A920-E6816951336B}.AppStore|iPhone.ActiveCfg = AppStore|iPhone
		{F60CB97C-7EC1-46EF-A920-E6816951336B}.AppStore|iPhone.Build.0 = AppStore|iPhone
		{F60CB97C-7EC1-46EF-A920-E6816951336B}.AppStore|iPhoneSimulator.ActiveCfg = AppStore|iPhoneSimulator
		{F60CB97C-7EC1-46EF-A920-E6816951336B}.AppStore|iPhoneSimulator.Build.0 = AppStore|iPhoneSimulator
		{F60CB97C-7EC1-46EF-A920-E6816951336B}.Debug|Any CPU.ActiveCfg = Debug|iPhone
		{F60CB97C-7EC1-46EF-A920-E6816951336B}.Debug|iPhone.ActiveCfg = Debug|iPhone
		{F60CB97C-7EC1-46EF-A920-E6816951336B}.Debug|iPhone.Build.0 = Debug|iPhone
		{F60CB97C-7EC1-46EF-A920-E6816951336B}.Debug|iPhoneSimulator.ActiveCfg = Debug|iPhoneSimulator
		{F60CB97C-7EC1-46EF-A920-E6816951336B}.Debug|iPhoneSimulator.Build.0 = Debug|iPhoneSimulator
		{F60CB97C-7EC1-46EF-A920-E6816951336B}.Release|Any CPU.ActiveCfg = Release|iPhone
		{F60CB97C-7EC1-46EF-A920-E6816951336B}.Release|iPhone.ActiveCfg = Release|iPhone
		{F60CB97C-7EC1-46EF-A920-E6816951336B}.Release|iPhone.Build.0 = Release|iPhone
		{F60CB97C-7EC1-46EF-A920-E6816951336B}.Release|iPhoneSimulator.ActiveCfg = Release|iPhoneSimulator
		{F60CB97C-7EC1-46EF-A920-E6816951336B}.Release|iPhoneSimulator.Build.0 = Release|iPhoneSimulator
		{C159EC0E-0117-4108-9D7D-BBEAFBDEADF4}.Ad-Hoc|Any CPU.ActiveCfg = Debug|Any CPU
		{C159EC0E-0117-4108-9D7D-BBEAFBDEADF4}.Ad-Hoc|Any CPU.Build.0 = Debug|Any CPU
		{C159EC0E-0117-4108-9D7D-BBEAFBDEADF4}.Ad-Hoc|iPhone.ActiveCfg = Debug|Any CPU
		{C159EC0E-0117-4108-9D7D-BBEAFBDEADF4}.Ad-Hoc|iPhone.Build.0 = Debug|Any CPU
		{C159EC0E-0117-4108-9D7D-BBEAFBDEADF4}.Ad-Hoc|iPhoneSimulator.ActiveCfg = Debug|Any CPU
		{C159EC0E-0117-4108-9D7D-BBEAFBDEADF4}.Ad-Hoc|iPhoneSimulator.Build.0 = Debug|Any CPU
		{C159EC0E-0117-4108-9D7D-BBEAFBDEADF4}.AppStore|Any CPU.ActiveCfg = Debug|Any CPU
		{C159EC0E-0117-4108-9D7D-BBEAFBDEADF4}.AppStore|Any CPU.Build.0 = Debug|Any CPU
		{C159EC0E-0117-4108-9D7D-BBEAFBDEADF4}.AppStore|iPhone.ActiveCfg = Debug|Any CPU
		{C159EC0E-0117-4108-9D7D-BBEAFBDEADF4}.AppStore|iPhone.Build.0 = Debug|Any CPU
		{C159EC0E-0117-4108-9D7D-BBEAFBDEADF4}.AppStore|iPhoneSimulator.ActiveCfg = Debug|Any CPU
		{C159EC0E-0117-4108-9D7D-BBEAFBDEADF4}.AppStore|iPhoneSimulator.Build.0 = Debug|Any CPU
		{C159EC0E-0117-4108-9D7D-BBEAFBDEADF4}.Debug|Any CPU.ActiveCfg = Debug|Any CPU
		{C159EC0E-0117-4108-9D7D-BBEAFBDEADF4}.Debug|Any CPU.Build.0 = Debug|Any CPU
		{C159EC0E-0117-4108-9D7D-BBEAFBDEADF4}.Debug|iPhone.ActiveCfg = Debug|Any CPU
		{C159EC0E-0117-4108-9D7D-BBEAFBDEADF4}.Debug|iPhone.Build.0 = Debug|Any CPU
		{C159EC0E-0117-4108-9D7D-BBEAFBDEADF4}.Debug|iPhoneSimulator.ActiveCfg = Debug|Any CPU
		{C159EC0E-0117-4108-9D7D-BBEAFBDEADF4}.Debug|iPhoneSimulator.Build.0 = Debug|Any CPU
		{C159EC0E-0117-4108-9D7D-BBEAFBDEADF4}.Release|Any CPU.ActiveCfg = Release|Any CPU
		{C159EC0E-0117-4108-9D7D-BBEAFBDEADF4}.Release|Any CPU.Build.0 = Release|Any CPU
		{C159EC0E-0117-4108-9D7D-BBEAFBDEADF4}.Release|iPhone.ActiveCfg = Release|Any CPU
		{C159EC0E-0117-4108-9D7D-BBEAFBDEADF4}.Release|iPhone.Build.0 = Release|Any CPU
		{C159EC0E-0117-4108-9D7D-BBEAFBDEADF4}.Release|iPhoneSimulator.ActiveCfg = Release|Any CPU
		{C159EC0E-0117-4108-9D7D-BBEAFBDEADF4}.Release|iPhoneSimulator.Build.0 = Release|Any CPU
		{2CB21269-2448-4055-A64F-A3B661DC757E}.Ad-Hoc|Any CPU.ActiveCfg = Debug|Any CPU
		{2CB21269-2448-4055-A64F-A3B661DC757E}.Ad-Hoc|Any CPU.Build.0 = Debug|Any CPU
		{2CB21269-2448-4055-A64F-A3B661DC757E}.Ad-Hoc|iPhone.ActiveCfg = Debug|Any CPU
		{2CB21269-2448-4055-A64F-A3B661DC757E}.Ad-Hoc|iPhone.Build.0 = Debug|Any CPU
		{2CB21269-2448-4055-A64F-A3B661DC757E}.Ad-Hoc|iPhoneSimulator.ActiveCfg = Debug|Any CPU
		{2CB21269-2448-4055-A64F-A3B661DC757E}.Ad-Hoc|iPhoneSimulator.Build.0 = Debug|Any CPU
		{2CB21269-2448-4055-A64F-A3B661DC757E}.AppStore|Any CPU.ActiveCfg = Debug|Any CPU
		{2CB21269-2448-4055-A64F-A3B661DC757E}.AppStore|Any CPU.Build.0 = Debug|Any CPU
		{2CB21269-2448-4055-A64F-A3B661DC757E}.AppStore|iPhone.ActiveCfg = Debug|Any CPU
		{2CB21269-2448-4055-A64F-A3B661DC757E}.AppStore|iPhone.Build.0 = Debug|Any CPU
		{2CB21269-2448-4055-A64F-A3B661DC757E}.AppStore|iPhoneSimulator.ActiveCfg = Debug|Any CPU
		{2CB21269-2448-4055-A64F-A3B661DC757E}.AppStore|iPhoneSimulator.Build.0 = Debug|Any CPU
		{2CB21269-2448-4055-A64F-A3B661DC757E}.Debug|Any CPU.ActiveCfg = Debug|Any CPU
		{2CB21269-2448-4055-A64F-A3B661DC757E}.Debug|Any CPU.Build.0 = Debug|Any CPU
		{2CB21269-2448-4055-A64F-A3B661DC757E}.Debug|iPhone.ActiveCfg = Debug|Any CPU
		{2CB21269-2448-4055-A64F-A3B661DC757E}.Debug|iPhone.Build.0 = Debug|Any CPU
		{2CB21269-2448-4055-A64F-A3B661DC757E}.Debug|iPhoneSimulator.ActiveCfg = Debug|Any CPU
		{2CB21269-2448-4055-A64F-A3B661DC757E}.Debug|iPhoneSimulator.Build.0 = Debug|Any CPU
		{2CB21269-2448-4055-A64F-A3B661DC757E}.Release|Any CPU.ActiveCfg = Release|Any CPU
		{2CB21269-2448-4055-A64F-A3B661DC757E}.Release|Any CPU.Build.0 = Release|Any CPU
		{2CB21269-2448-4055-A64F-A3B661DC757E}.Release|iPhone.ActiveCfg = Release|Any CPU
		{2CB21269-2448-4055-A64F-A3B661DC757E}.Release|iPhone.Build.0 = Release|Any CPU
		{2CB21269-2448-4055-A64F-A3B661DC757E}.Release|iPhoneSimulator.ActiveCfg = Release|Any CPU
		{2CB21269-2448-4055-A64F-A3B661DC757E}.Release|iPhoneSimulator.Build.0 = Release|Any CPU
		{C1D16766-B472-44C1-A6D2-E66487DFC511}.Ad-Hoc|Any CPU.ActiveCfg = Debug|Any CPU
		{C1D16766-B472-44C1-A6D2-E66487DFC511}.Ad-Hoc|Any CPU.Build.0 = Debug|Any CPU
		{C1D16766-B472-44C1-A6D2-E66487DFC511}.Ad-Hoc|iPhone.ActiveCfg = Debug|Any CPU
		{C1D16766-B472-44C1-A6D2-E66487DFC511}.Ad-Hoc|iPhone.Build.0 = Debug|Any CPU
		{C1D16766-B472-44C1-A6D2-E66487DFC511}.Ad-Hoc|iPhoneSimulator.ActiveCfg = Debug|Any CPU
		{C1D16766-B472-44C1-A6D2-E66487DFC511}.Ad-Hoc|iPhoneSimulator.Build.0 = Debug|Any CPU
		{C1D16766-B472-44C1-A6D2-E66487DFC511}.AppStore|Any CPU.ActiveCfg = Debug|Any CPU
		{C1D16766-B472-44C1-A6D2-E66487DFC511}.AppStore|Any CPU.Build.0 = Debug|Any CPU
		{C1D16766-B472-44C1-A6D2-E66487DFC511}.AppStore|iPhone.ActiveCfg = Debug|Any CPU
		{C1D16766-B472-44C1-A6D2-E66487DFC511}.AppStore|iPhone.Build.0 = Debug|Any CPU
		{C1D16766-B472-44C1-A6D2-E66487DFC511}.AppStore|iPhoneSimulator.ActiveCfg = Debug|Any CPU
		{C1D16766-B472-44C1-A6D2-E66487DFC511}.AppStore|iPhoneSimulator.Build.0 = Debug|Any CPU
		{C1D16766-B472-44C1-A6D2-E66487DFC511}.Debug|Any CPU.ActiveCfg = Debug|Any CPU
		{C1D16766-B472-44C1-A6D2-E66487DFC511}.Debug|Any CPU.Build.0 = Debug|Any CPU
		{C1D16766-B472-44C1-A6D2-E66487DFC511}.Debug|iPhone.ActiveCfg = Debug|Any CPU
		{C1D16766-B472-44C1-A6D2-E66487DFC511}.Debug|iPhone.Build.0 = Debug|Any CPU
		{C1D16766-B472-44C1-A6D2-E66487DFC511}.Debug|iPhoneSimulator.ActiveCfg = Debug|Any CPU
		{C1D16766-B472-44C1-A6D2-E66487DFC511}.Debug|iPhoneSimulator.Build.0 = Debug|Any CPU
		{C1D16766-B472-44C1-A6D2-E66487DFC511}.Release|Any CPU.ActiveCfg = Release|Any CPU
		{C1D16766-B472-44C1-A6D2-E66487DFC511}.Release|Any CPU.Build.0 = Release|Any CPU
		{C1D16766-B472-44C1-A6D2-E66487DFC511}.Release|iPhone.ActiveCfg = Release|Any CPU
		{C1D16766-B472-44C1-A6D2-E66487DFC511}.Release|iPhone.Build.0 = Release|Any CPU
		{C1D16766-B472-44C1-A6D2-E66487DFC511}.Release|iPhoneSimulator.ActiveCfg = Release|Any CPU
		{C1D16766-B472-44C1-A6D2-E66487DFC511}.Release|iPhoneSimulator.Build.0 = Release|Any CPU
		{DC872648-3585-4278-ABE1-166176CE5D2F}.Ad-Hoc|Any CPU.ActiveCfg = Release|Any CPU
		{DC872648-3585-4278-ABE1-166176CE5D2F}.Ad-Hoc|Any CPU.Build.0 = Release|Any CPU
		{DC872648-3585-4278-ABE1-166176CE5D2F}.Ad-Hoc|iPhone.ActiveCfg = Release|Any CPU
		{DC872648-3585-4278-ABE1-166176CE5D2F}.Ad-Hoc|iPhone.Build.0 = Release|Any CPU
		{DC872648-3585-4278-ABE1-166176CE5D2F}.Ad-Hoc|iPhoneSimulator.ActiveCfg = Release|Any CPU
		{DC872648-3585-4278-ABE1-166176CE5D2F}.Ad-Hoc|iPhoneSimulator.Build.0 = Release|Any CPU
		{DC872648-3585-4278-ABE1-166176CE5D2F}.AppStore|Any CPU.ActiveCfg = Release|Any CPU
		{DC872648-3585-4278-ABE1-166176CE5D2F}.AppStore|Any CPU.Build.0 = Release|Any CPU
		{DC872648-3585-4278-ABE1-166176CE5D2F}.AppStore|iPhone.ActiveCfg = Release|Any CPU
		{DC872648-3585-4278-ABE1-166176CE5D2F}.AppStore|iPhone.Build.0 = Release|Any CPU
		{DC872648-3585-4278-ABE1-166176CE5D2F}.AppStore|iPhoneSimulator.ActiveCfg = Release|Any CPU
		{DC872648-3585-4278-ABE1-166176CE5D2F}.AppStore|iPhoneSimulator.Build.0 = Release|Any CPU
		{DC872648-3585-4278-ABE1-166176CE5D2F}.Debug|Any CPU.ActiveCfg = Debug|Any CPU
		{DC872648-3585-4278-ABE1-166176CE5D2F}.Debug|Any CPU.Build.0 = Debug|Any CPU
		{DC872648-3585-4278-ABE1-166176CE5D2F}.Debug|iPhone.ActiveCfg = Debug|Any CPU
		{DC872648-3585-4278-ABE1-166176CE5D2F}.Debug|iPhone.Build.0 = Debug|Any CPU
		{DC872648-3585-4278-ABE1-166176CE5D2F}.Debug|iPhoneSimulator.ActiveCfg = Debug|Any CPU
		{DC872648-3585-4278-ABE1-166176CE5D2F}.Debug|iPhoneSimulator.Build.0 = Debug|Any CPU
		{DC872648-3585-4278-ABE1-166176CE5D2F}.Release|Any CPU.ActiveCfg = Release|Any CPU
		{DC872648-3585-4278-ABE1-166176CE5D2F}.Release|Any CPU.Build.0 = Release|Any CPU
		{DC872648-3585-4278-ABE1-166176CE5D2F}.Release|iPhone.ActiveCfg = Release|Any CPU
		{DC872648-3585-4278-ABE1-166176CE5D2F}.Release|iPhone.Build.0 = Release|Any CPU
		{DC872648-3585-4278-ABE1-166176CE5D2F}.Release|iPhoneSimulator.ActiveCfg = Release|Any CPU
		{DC872648-3585-4278-ABE1-166176CE5D2F}.Release|iPhoneSimulator.Build.0 = Release|Any CPU
		{15667876-49CC-4C63-9749-8751744EF5FA}.Ad-Hoc|Any CPU.ActiveCfg = Release|Any CPU
		{15667876-49CC-4C63-9749-8751744EF5FA}.Ad-Hoc|Any CPU.Build.0 = Release|Any CPU
		{15667876-49CC-4C63-9749-8751744EF5FA}.Ad-Hoc|iPhone.ActiveCfg = Release|Any CPU
		{15667876-49CC-4C63-9749-8751744EF5FA}.Ad-Hoc|iPhone.Build.0 = Release|Any CPU
		{15667876-49CC-4C63-9749-8751744EF5FA}.Ad-Hoc|iPhoneSimulator.ActiveCfg = Release|Any CPU
		{15667876-49CC-4C63-9749-8751744EF5FA}.Ad-Hoc|iPhoneSimulator.Build.0 = Release|Any CPU
		{15667876-49CC-4C63-9749-8751744EF5FA}.AppStore|Any CPU.ActiveCfg = Release|Any CPU
		{15667876-49CC-4C63-9749-8751744EF5FA}.AppStore|Any CPU.Build.0 = Release|Any CPU
		{15667876-49CC-4C63-9749-8751744EF5FA}.AppStore|iPhone.ActiveCfg = Release|Any CPU
		{15667876-49CC-4C63-9749-8751744EF5FA}.AppStore|iPhone.Build.0 = Release|Any CPU
		{15667876-49CC-4C63-9749-8751744EF5FA}.AppStore|iPhoneSimulator.ActiveCfg = Release|Any CPU
		{15667876-49CC-4C63-9749-8751744EF5FA}.AppStore|iPhoneSimulator.Build.0 = Release|Any CPU
		{15667876-49CC-4C63-9749-8751744EF5FA}.Debug|Any CPU.ActiveCfg = Debug|Any CPU
		{15667876-49CC-4C63-9749-8751744EF5FA}.Debug|Any CPU.Build.0 = Debug|Any CPU
		{15667876-49CC-4C63-9749-8751744EF5FA}.Debug|iPhone.ActiveCfg = Debug|Any CPU
		{15667876-49CC-4C63-9749-8751744EF5FA}.Debug|iPhone.Build.0 = Debug|Any CPU
		{15667876-49CC-4C63-9749-8751744EF5FA}.Debug|iPhoneSimulator.ActiveCfg = Debug|Any CPU
		{15667876-49CC-4C63-9749-8751744EF5FA}.Debug|iPhoneSimulator.Build.0 = Debug|Any CPU
		{15667876-49CC-4C63-9749-8751744EF5FA}.Release|Any CPU.ActiveCfg = Release|Any CPU
		{15667876-49CC-4C63-9749-8751744EF5FA}.Release|Any CPU.Build.0 = Release|Any CPU
		{15667876-49CC-4C63-9749-8751744EF5FA}.Release|iPhone.ActiveCfg = Release|Any CPU
		{15667876-49CC-4C63-9749-8751744EF5FA}.Release|iPhone.Build.0 = Release|Any CPU
		{15667876-49CC-4C63-9749-8751744EF5FA}.Release|iPhoneSimulator.ActiveCfg = Release|Any CPU
		{15667876-49CC-4C63-9749-8751744EF5FA}.Release|iPhoneSimulator.Build.0 = Release|Any CPU
		{9BEAB2C3-8C89-494E-95F9-4A9C0BE2D9BE}.Ad-Hoc|Any CPU.ActiveCfg = Debug|Any CPU
		{9BEAB2C3-8C89-494E-95F9-4A9C0BE2D9BE}.Ad-Hoc|Any CPU.Build.0 = Debug|Any CPU
		{9BEAB2C3-8C89-494E-95F9-4A9C0BE2D9BE}.Ad-Hoc|iPhone.ActiveCfg = Debug|Any CPU
		{9BEAB2C3-8C89-494E-95F9-4A9C0BE2D9BE}.Ad-Hoc|iPhone.Build.0 = Debug|Any CPU
		{9BEAB2C3-8C89-494E-95F9-4A9C0BE2D9BE}.Ad-Hoc|iPhoneSimulator.ActiveCfg = Debug|Any CPU
		{9BEAB2C3-8C89-494E-95F9-4A9C0BE2D9BE}.Ad-Hoc|iPhoneSimulator.Build.0 = Debug|Any CPU
		{9BEAB2C3-8C89-494E-95F9-4A9C0BE2D9BE}.AppStore|Any CPU.ActiveCfg = Debug|Any CPU
		{9BEAB2C3-8C89-494E-95F9-4A9C0BE2D9BE}.AppStore|Any CPU.Build.0 = Debug|Any CPU
		{9BEAB2C3-8C89-494E-95F9-4A9C0BE2D9BE}.AppStore|iPhone.ActiveCfg = Debug|Any CPU
		{9BEAB2C3-8C89-494E-95F9-4A9C0BE2D9BE}.AppStore|iPhone.Build.0 = Debug|Any CPU
		{9BEAB2C3-8C89-494E-95F9-4A9C0BE2D9BE}.AppStore|iPhoneSimulator.ActiveCfg = Debug|Any CPU
		{9BEAB2C3-8C89-494E-95F9-4A9C0BE2D9BE}.AppStore|iPhoneSimulator.Build.0 = Debug|Any CPU
		{9BEAB2C3-8C89-494E-95F9-4A9C0BE2D9BE}.Debug|Any CPU.ActiveCfg = Debug|Any CPU
		{9BEAB2C3-8C89-494E-95F9-4A9C0BE2D9BE}.Debug|Any CPU.Build.0 = Debug|Any CPU
		{9BEAB2C3-8C89-494E-95F9-4A9C0BE2D9BE}.Debug|iPhone.ActiveCfg = Debug|Any CPU
		{9BEAB2C3-8C89-494E-95F9-4A9C0BE2D9BE}.Debug|iPhone.Build.0 = Debug|Any CPU
		{9BEAB2C3-8C89-494E-95F9-4A9C0BE2D9BE}.Debug|iPhoneSimulator.ActiveCfg = Debug|Any CPU
		{9BEAB2C3-8C89-494E-95F9-4A9C0BE2D9BE}.Debug|iPhoneSimulator.Build.0 = Debug|Any CPU
		{9BEAB2C3-8C89-494E-95F9-4A9C0BE2D9BE}.Release|Any CPU.ActiveCfg = Release|Any CPU
		{9BEAB2C3-8C89-494E-95F9-4A9C0BE2D9BE}.Release|Any CPU.Build.0 = Release|Any CPU
		{9BEAB2C3-8C89-494E-95F9-4A9C0BE2D9BE}.Release|iPhone.ActiveCfg = Release|Any CPU
		{9BEAB2C3-8C89-494E-95F9-4A9C0BE2D9BE}.Release|iPhone.Build.0 = Release|Any CPU
		{9BEAB2C3-8C89-494E-95F9-4A9C0BE2D9BE}.Release|iPhoneSimulator.ActiveCfg = Release|Any CPU
		{9BEAB2C3-8C89-494E-95F9-4A9C0BE2D9BE}.Release|iPhoneSimulator.Build.0 = Release|Any CPU
		{3A46A7E6-0565-476E-A3F5-F1D4FF039F2A}.Ad-Hoc|Any CPU.ActiveCfg = Release|Any CPU
		{3A46A7E6-0565-476E-A3F5-F1D4FF039F2A}.Ad-Hoc|Any CPU.Build.0 = Release|Any CPU
		{3A46A7E6-0565-476E-A3F5-F1D4FF039F2A}.Ad-Hoc|Any CPU.Deploy.0 = Release|Any CPU
		{3A46A7E6-0565-476E-A3F5-F1D4FF039F2A}.Ad-Hoc|iPhone.ActiveCfg = Release|Any CPU
		{3A46A7E6-0565-476E-A3F5-F1D4FF039F2A}.Ad-Hoc|iPhone.Build.0 = Release|Any CPU
		{3A46A7E6-0565-476E-A3F5-F1D4FF039F2A}.Ad-Hoc|iPhone.Deploy.0 = Release|Any CPU
		{3A46A7E6-0565-476E-A3F5-F1D4FF039F2A}.Ad-Hoc|iPhoneSimulator.ActiveCfg = Release|Any CPU
		{3A46A7E6-0565-476E-A3F5-F1D4FF039F2A}.Ad-Hoc|iPhoneSimulator.Build.0 = Release|Any CPU
		{3A46A7E6-0565-476E-A3F5-F1D4FF039F2A}.Ad-Hoc|iPhoneSimulator.Deploy.0 = Release|Any CPU
		{3A46A7E6-0565-476E-A3F5-F1D4FF039F2A}.AppStore|Any CPU.ActiveCfg = Release|Any CPU
		{3A46A7E6-0565-476E-A3F5-F1D4FF039F2A}.AppStore|Any CPU.Build.0 = Release|Any CPU
		{3A46A7E6-0565-476E-A3F5-F1D4FF039F2A}.AppStore|Any CPU.Deploy.0 = Release|Any CPU
		{3A46A7E6-0565-476E-A3F5-F1D4FF039F2A}.AppStore|iPhone.ActiveCfg = Release|Any CPU
		{3A46A7E6-0565-476E-A3F5-F1D4FF039F2A}.AppStore|iPhone.Build.0 = Release|Any CPU
		{3A46A7E6-0565-476E-A3F5-F1D4FF039F2A}.AppStore|iPhone.Deploy.0 = Release|Any CPU
		{3A46A7E6-0565-476E-A3F5-F1D4FF039F2A}.AppStore|iPhoneSimulator.ActiveCfg = Release|Any CPU
		{3A46A7E6-0565-476E-A3F5-F1D4FF039F2A}.AppStore|iPhoneSimulator.Build.0 = Release|Any CPU
		{3A46A7E6-0565-476E-A3F5-F1D4FF039F2A}.AppStore|iPhoneSimulator.Deploy.0 = Release|Any CPU
		{3A46A7E6-0565-476E-A3F5-F1D4FF039F2A}.Debug|Any CPU.ActiveCfg = Debug|Any CPU
		{3A46A7E6-0565-476E-A3F5-F1D4FF039F2A}.Debug|Any CPU.Build.0 = Debug|Any CPU
		{3A46A7E6-0565-476E-A3F5-F1D4FF039F2A}.Debug|Any CPU.Deploy.0 = Debug|Any CPU
		{3A46A7E6-0565-476E-A3F5-F1D4FF039F2A}.Debug|iPhone.ActiveCfg = Debug|Any CPU
		{3A46A7E6-0565-476E-A3F5-F1D4FF039F2A}.Debug|iPhone.Build.0 = Debug|Any CPU
		{3A46A7E6-0565-476E-A3F5-F1D4FF039F2A}.Debug|iPhone.Deploy.0 = Debug|Any CPU
		{3A46A7E6-0565-476E-A3F5-F1D4FF039F2A}.Debug|iPhoneSimulator.ActiveCfg = Debug|Any CPU
		{3A46A7E6-0565-476E-A3F5-F1D4FF039F2A}.Debug|iPhoneSimulator.Build.0 = Debug|Any CPU
		{3A46A7E6-0565-476E-A3F5-F1D4FF039F2A}.Debug|iPhoneSimulator.Deploy.0 = Debug|Any CPU
		{3A46A7E6-0565-476E-A3F5-F1D4FF039F2A}.Release|Any CPU.ActiveCfg = Release|Any CPU
		{3A46A7E6-0565-476E-A3F5-F1D4FF039F2A}.Release|Any CPU.Build.0 = Release|Any CPU
		{3A46A7E6-0565-476E-A3F5-F1D4FF039F2A}.Release|Any CPU.Deploy.0 = Release|Any CPU
		{3A46A7E6-0565-476E-A3F5-F1D4FF039F2A}.Release|iPhone.ActiveCfg = Release|Any CPU
		{3A46A7E6-0565-476E-A3F5-F1D4FF039F2A}.Release|iPhone.Build.0 = Release|Any CPU
		{3A46A7E6-0565-476E-A3F5-F1D4FF039F2A}.Release|iPhone.Deploy.0 = Release|Any CPU
		{3A46A7E6-0565-476E-A3F5-F1D4FF039F2A}.Release|iPhoneSimulator.ActiveCfg = Release|Any CPU
		{3A46A7E6-0565-476E-A3F5-F1D4FF039F2A}.Release|iPhoneSimulator.Build.0 = Release|Any CPU
		{3A46A7E6-0565-476E-A3F5-F1D4FF039F2A}.Release|iPhoneSimulator.Deploy.0 = Release|Any CPU
		{6741FCF2-6B61-4F04-AF9D-86DB03D54C7E}.Ad-Hoc|Any CPU.ActiveCfg = Ad-Hoc|iPhone
		{6741FCF2-6B61-4F04-AF9D-86DB03D54C7E}.Ad-Hoc|iPhone.ActiveCfg = Ad-Hoc|iPhone
		{6741FCF2-6B61-4F04-AF9D-86DB03D54C7E}.Ad-Hoc|iPhone.Build.0 = Ad-Hoc|iPhone
		{6741FCF2-6B61-4F04-AF9D-86DB03D54C7E}.Ad-Hoc|iPhoneSimulator.ActiveCfg = Ad-Hoc|iPhoneSimulator
		{6741FCF2-6B61-4F04-AF9D-86DB03D54C7E}.Ad-Hoc|iPhoneSimulator.Build.0 = Ad-Hoc|iPhoneSimulator
		{6741FCF2-6B61-4F04-AF9D-86DB03D54C7E}.AppStore|Any CPU.ActiveCfg = AppStore|iPhone
		{6741FCF2-6B61-4F04-AF9D-86DB03D54C7E}.AppStore|iPhone.ActiveCfg = AppStore|iPhone
		{6741FCF2-6B61-4F04-AF9D-86DB03D54C7E}.AppStore|iPhone.Build.0 = AppStore|iPhone
		{6741FCF2-6B61-4F04-AF9D-86DB03D54C7E}.AppStore|iPhoneSimulator.ActiveCfg = AppStore|iPhoneSimulator
		{6741FCF2-6B61-4F04-AF9D-86DB03D54C7E}.AppStore|iPhoneSimulator.Build.0 = AppStore|iPhoneSimulator
		{6741FCF2-6B61-4F04-AF9D-86DB03D54C7E}.Debug|Any CPU.ActiveCfg = Debug|iPhone
		{6741FCF2-6B61-4F04-AF9D-86DB03D54C7E}.Debug|iPhone.ActiveCfg = Debug|iPhone
		{6741FCF2-6B61-4F04-AF9D-86DB03D54C7E}.Debug|iPhone.Build.0 = Debug|iPhone
		{6741FCF2-6B61-4F04-AF9D-86DB03D54C7E}.Debug|iPhoneSimulator.ActiveCfg = Debug|iPhoneSimulator
		{6741FCF2-6B61-4F04-AF9D-86DB03D54C7E}.Debug|iPhoneSimulator.Build.0 = Debug|iPhoneSimulator
		{6741FCF2-6B61-4F04-AF9D-86DB03D54C7E}.Release|Any CPU.ActiveCfg = Release|iPhone
		{6741FCF2-6B61-4F04-AF9D-86DB03D54C7E}.Release|iPhone.ActiveCfg = Release|iPhone
		{6741FCF2-6B61-4F04-AF9D-86DB03D54C7E}.Release|iPhone.Build.0 = Release|iPhone
		{6741FCF2-6B61-4F04-AF9D-86DB03D54C7E}.Release|iPhoneSimulator.ActiveCfg = Release|iPhoneSimulator
		{6741FCF2-6B61-4F04-AF9D-86DB03D54C7E}.Release|iPhoneSimulator.Build.0 = Release|iPhoneSimulator
		{D2627D17-9618-458F-9E18-A99A13995328}.Ad-Hoc|Any CPU.ActiveCfg = Debug|Any CPU
		{D2627D17-9618-458F-9E18-A99A13995328}.Ad-Hoc|Any CPU.Build.0 = Debug|Any CPU
		{D2627D17-9618-458F-9E18-A99A13995328}.Ad-Hoc|iPhone.ActiveCfg = Debug|Any CPU
		{D2627D17-9618-458F-9E18-A99A13995328}.Ad-Hoc|iPhone.Build.0 = Debug|Any CPU
		{D2627D17-9618-458F-9E18-A99A13995328}.Ad-Hoc|iPhoneSimulator.ActiveCfg = Debug|Any CPU
		{D2627D17-9618-458F-9E18-A99A13995328}.Ad-Hoc|iPhoneSimulator.Build.0 = Debug|Any CPU
		{D2627D17-9618-458F-9E18-A99A13995328}.AppStore|Any CPU.ActiveCfg = Debug|Any CPU
		{D2627D17-9618-458F-9E18-A99A13995328}.AppStore|Any CPU.Build.0 = Debug|Any CPU
		{D2627D17-9618-458F-9E18-A99A13995328}.AppStore|iPhone.ActiveCfg = Debug|Any CPU
		{D2627D17-9618-458F-9E18-A99A13995328}.AppStore|iPhone.Build.0 = Debug|Any CPU
		{D2627D17-9618-458F-9E18-A99A13995328}.AppStore|iPhoneSimulator.ActiveCfg = Debug|Any CPU
		{D2627D17-9618-458F-9E18-A99A13995328}.AppStore|iPhoneSimulator.Build.0 = Debug|Any CPU
		{D2627D17-9618-458F-9E18-A99A13995328}.Debug|Any CPU.ActiveCfg = Debug|Any CPU
		{D2627D17-9618-458F-9E18-A99A13995328}.Debug|Any CPU.Build.0 = Debug|Any CPU
		{D2627D17-9618-458F-9E18-A99A13995328}.Debug|iPhone.ActiveCfg = Debug|Any CPU
		{D2627D17-9618-458F-9E18-A99A13995328}.Debug|iPhone.Build.0 = Debug|Any CPU
		{D2627D17-9618-458F-9E18-A99A13995328}.Debug|iPhoneSimulator.ActiveCfg = Debug|Any CPU
		{D2627D17-9618-458F-9E18-A99A13995328}.Debug|iPhoneSimulator.Build.0 = Debug|Any CPU
		{D2627D17-9618-458F-9E18-A99A13995328}.Release|Any CPU.ActiveCfg = Release|Any CPU
		{D2627D17-9618-458F-9E18-A99A13995328}.Release|Any CPU.Build.0 = Release|Any CPU
		{D2627D17-9618-458F-9E18-A99A13995328}.Release|iPhone.ActiveCfg = Release|Any CPU
		{D2627D17-9618-458F-9E18-A99A13995328}.Release|iPhone.Build.0 = Release|Any CPU
		{D2627D17-9618-458F-9E18-A99A13995328}.Release|iPhoneSimulator.ActiveCfg = Release|Any CPU
		{D2627D17-9618-458F-9E18-A99A13995328}.Release|iPhoneSimulator.Build.0 = Release|Any CPU
	EndGlobalSection
	GlobalSection(SolutionProperties) = preSolution
		HideSolutionNode = FALSE
	EndGlobalSection
	GlobalSection(ExtensibilityGlobals) = postSolution
		SolutionGuid = {68DF04E7-5E24-44D2-A599-47849DB3481C}
	EndGlobalSection
EndGlobal
