
Microsoft Visual Studio Solution File, Format Version 12.00
# Visual Studio 15
VisualStudioVersion = 15.0.27428.2015
MinimumVisualStudioVersion = 10.0.40219.1
Project("{9A19103F-16F7-4668-BE54-9A1E7A4F7556}") = "LifecycleAware.Lib", "LifecycleAware.Lib\LifecycleAware.Lib.csproj", "{CF472D6F-717B-47FF-B8D5-026C67B18561}"
	ProjectSection(ProjectDependencies) = postProject
		{66569337-863D-4DA9-85E1-6D8AD0AE7633} = {66569337-863D-4DA9-85E1-6D8AD0AE7633}
	EndProjectSection
EndProject
Project("{FAE04EC0-301F-11D3-BF4B-00C04F79EFBC}") = "LifecycleAware.iOS", "LifecycleAware.iOS\LifecycleAware.iOS.csproj", "{6741FCF2-6B61-4F04-AF9D-86DB03D54C7E}"
EndProject
Project("{9A19103F-16F7-4668-BE54-9A1E7A4F7556}") = "LifecycleAware.Forms", "LifecycleAware.Forms\LifecycleAware.Forms.csproj", "{42323050-5AD7-4D0B-996D-6356560725AE}"
EndProject
Project("{FAE04EC0-301F-11D3-BF4B-00C04F79EFBC}") = "LifecycleAware.Android", "LifecycleAware.Android\LifecycleAware.Android.csproj", "{3A46A7E6-0565-476E-A3F5-F1D4FF039F2A}"
EndProject
Project("{9A19103F-16F7-4668-BE54-9A1E7A4F7556}") = "SmartDI.Lib", "SmartDI.Lib\SmartDI.Lib.csproj", "{66569337-863D-4DA9-85E1-6D8AD0AE7633}"
EndProject
Project("{FAE04EC0-301F-11D3-BF4B-00C04F79EFBC}") = "SmartDIWithLifecycle.Android", "SmartDIWithLifecycle.Android\SmartDIWithLifecycle.Android.csproj", "{03137948-35C9-4521-8DC0-65C8CD9A6BF7}"
EndProject
Project("{9A19103F-16F7-4668-BE54-9A1E7A4F7556}") = "SmartDIWithLifecycle.Forms", "SmartDIWithLifecycle.Forms\SmartDIWithLifecycle.Forms.csproj", "{C59FDA00-739B-4299-A877-436896CCC494}"
EndProject
Project("{FAE04EC0-301F-11D3-BF4B-00C04F79EFBC}") = "SmartDIWithLifecycle.iOS", "SmartDIWithLifecycle.iOS\SmartDIWithLifecycle.iOS.csproj", "{04C41821-50A6-420A-B761-967390C8A7C2}"
EndProject
Project("{9A19103F-16F7-4668-BE54-9A1E7A4F7556}") = "SmartDIWithLifeCycle.MSTests", "SmartDIWithLifeCycle.MSTests\SmartDIWithLifeCycle.MSTests.csproj", "{ED32977C-CA25-4A44-9506-AA235FEF850E}"
EndProject
Project("{D954291E-2A0B-460D-934E-DC6B0785DB48}") = "SharedForms", "MtsShared\SharedForms\SharedForms.shproj", "{777AE3B8-6C36-4744-9D1A-AC2082E4F8EC}"
EndProject
Project("{D954291E-2A0B-460D-934E-DC6B0785DB48}") = "SharedUtils", "MtsShared\SharedUtils\SharedUtils.shproj", "{D1DF90E4-B6B9-4FE5-A92C-7E75B380B120}"
EndProject
Global
	GlobalSection(SharedMSBuildProjectFiles) = preSolution
		MtsShared\SharedForms\SharedForms.projitems*{03137948-35c9-4521-8dc0-65c8cd9a6bf7}*SharedItemsImports = 4
		MtsShared\SharedUtils\SharedUtils.projitems*{03137948-35c9-4521-8dc0-65c8cd9a6bf7}*SharedItemsImports = 4
		MtsShared\SharedForms\SharedForms.projitems*{04c41821-50a6-420a-b761-967390c8a7c2}*SharedItemsImports = 4
		MtsShared\SharedUtils\SharedUtils.projitems*{04c41821-50a6-420a-b761-967390c8a7c2}*SharedItemsImports = 4
		MtsShared\SharedForms\SharedForms.projitems*{3a46a7e6-0565-476e-a3f5-f1d4ff039f2a}*SharedItemsImports = 4
		MtsShared\SharedUtils\SharedUtils.projitems*{3a46a7e6-0565-476e-a3f5-f1d4ff039f2a}*SharedItemsImports = 4
		MtsShared\SharedForms\SharedForms.projitems*{6741fcf2-6b61-4f04-af9d-86db03d54c7e}*SharedItemsImports = 4
		MtsShared\SharedUtils\SharedUtils.projitems*{6741fcf2-6b61-4f04-af9d-86db03d54c7e}*SharedItemsImports = 4
		MtsShared\SharedForms\SharedForms.projitems*{777ae3b8-6c36-4744-9d1a-ac2082e4f8ec}*SharedItemsImports = 13
		MtsShared\SharedUtils\SharedUtils.projitems*{d1df90e4-b6b9-4fe5-a92c-7e75b380b120}*SharedItemsImports = 13
	EndGlobalSection
	GlobalSection(SolutionConfigurationPlatforms) = preSolution
		Ad-Hoc|Any CPU = Ad-Hoc|Any CPU
		Ad-Hoc|iPhone = Ad-Hoc|iPhone
		Ad-Hoc|iPhoneSimulator = Ad-Hoc|iPhoneSimulator
		AppStore|Any CPU = AppStore|Any CPU
		AppStore|iPhone = AppStore|iPhone
		AppStore|iPhoneSimulator = AppStore|iPhoneSimulator
		Debug|Any CPU = Debug|Any CPU
		Debug|iPhone = Debug|iPhone
		Debug|iPhoneSimulator = Debug|iPhoneSimulator
		Release|Any CPU = Release|Any CPU
		Release|iPhone = Release|iPhone
		Release|iPhoneSimulator = Release|iPhoneSimulator
	EndGlobalSection
	GlobalSection(ProjectConfigurationPlatforms) = postSolution
		{CF472D6F-717B-47FF-B8D5-026C67B18561}.Ad-Hoc|Any CPU.ActiveCfg = Debug|Any CPU
		{CF472D6F-717B-47FF-B8D5-026C67B18561}.Ad-Hoc|Any CPU.Build.0 = Debug|Any CPU
		{CF472D6F-717B-47FF-B8D5-026C67B18561}.Ad-Hoc|iPhone.ActiveCfg = Debug|Any CPU
		{CF472D6F-717B-47FF-B8D5-026C67B18561}.Ad-Hoc|iPhone.Build.0 = Debug|Any CPU
		{CF472D6F-717B-47FF-B8D5-026C67B18561}.Ad-Hoc|iPhoneSimulator.ActiveCfg = Debug|Any CPU
		{CF472D6F-717B-47FF-B8D5-026C67B18561}.Ad-Hoc|iPhoneSimulator.Build.0 = Debug|Any CPU
		{CF472D6F-717B-47FF-B8D5-026C67B18561}.AppStore|Any CPU.ActiveCfg = Debug|Any CPU
		{CF472D6F-717B-47FF-B8D5-026C67B18561}.AppStore|Any CPU.Build.0 = Debug|Any CPU
		{CF472D6F-717B-47FF-B8D5-026C67B18561}.AppStore|iPhone.ActiveCfg = Debug|Any CPU
		{CF472D6F-717B-47FF-B8D5-026C67B18561}.AppStore|iPhone.Build.0 = Debug|Any CPU
		{CF472D6F-717B-47FF-B8D5-026C67B18561}.AppStore|iPhoneSimulator.ActiveCfg = Debug|Any CPU
		{CF472D6F-717B-47FF-B8D5-026C67B18561}.AppStore|iPhoneSimulator.Build.0 = Debug|Any CPU
		{CF472D6F-717B-47FF-B8D5-026C67B18561}.Debug|Any CPU.ActiveCfg = Debug|Any CPU
		{CF472D6F-717B-47FF-B8D5-026C67B18561}.Debug|Any CPU.Build.0 = Debug|Any CPU
		{CF472D6F-717B-47FF-B8D5-026C67B18561}.Debug|iPhone.ActiveCfg = Debug|Any CPU
		{CF472D6F-717B-47FF-B8D5-026C67B18561}.Debug|iPhone.Build.0 = Debug|Any CPU
		{CF472D6F-717B-47FF-B8D5-026C67B18561}.Debug|iPhoneSimulator.ActiveCfg = Debug|Any CPU
		{CF472D6F-717B-47FF-B8D5-026C67B18561}.Debug|iPhoneSimulator.Build.0 = Debug|Any CPU
		{CF472D6F-717B-47FF-B8D5-026C67B18561}.Release|Any CPU.ActiveCfg = Release|Any CPU
		{CF472D6F-717B-47FF-B8D5-026C67B18561}.Release|Any CPU.Build.0 = Release|Any CPU
		{CF472D6F-717B-47FF-B8D5-026C67B18561}.Release|iPhone.ActiveCfg = Release|Any CPU
		{CF472D6F-717B-47FF-B8D5-026C67B18561}.Release|iPhone.Build.0 = Release|Any CPU
		{CF472D6F-717B-47FF-B8D5-026C67B18561}.Release|iPhoneSimulator.ActiveCfg = Release|Any CPU
		{CF472D6F-717B-47FF-B8D5-026C67B18561}.Release|iPhoneSimulator.Build.0 = Release|Any CPU
		{6741FCF2-6B61-4F04-AF9D-86DB03D54C7E}.Ad-Hoc|Any CPU.ActiveCfg = Ad-Hoc|iPhone
		{6741FCF2-6B61-4F04-AF9D-86DB03D54C7E}.Ad-Hoc|iPhone.ActiveCfg = Ad-Hoc|iPhone
		{6741FCF2-6B61-4F04-AF9D-86DB03D54C7E}.Ad-Hoc|iPhone.Build.0 = Ad-Hoc|iPhone
		{6741FCF2-6B61-4F04-AF9D-86DB03D54C7E}.Ad-Hoc|iPhoneSimulator.ActiveCfg = Ad-Hoc|iPhoneSimulator
		{6741FCF2-6B61-4F04-AF9D-86DB03D54C7E}.Ad-Hoc|iPhoneSimulator.Build.0 = Ad-Hoc|iPhoneSimulator
		{6741FCF2-6B61-4F04-AF9D-86DB03D54C7E}.AppStore|Any CPU.ActiveCfg = AppStore|iPhone
		{6741FCF2-6B61-4F04-AF9D-86DB03D54C7E}.AppStore|iPhone.ActiveCfg = AppStore|iPhone
		{6741FCF2-6B61-4F04-AF9D-86DB03D54C7E}.AppStore|iPhone.Build.0 = AppStore|iPhone
		{6741FCF2-6B61-4F04-AF9D-86DB03D54C7E}.AppStore|iPhoneSimulator.ActiveCfg = AppStore|iPhoneSimulator
		{6741FCF2-6B61-4F04-AF9D-86DB03D54C7E}.AppStore|iPhoneSimulator.Build.0 = AppStore|iPhoneSimulator
		{6741FCF2-6B61-4F04-AF9D-86DB03D54C7E}.Debug|Any CPU.ActiveCfg = Debug|iPhone
		{6741FCF2-6B61-4F04-AF9D-86DB03D54C7E}.Debug|iPhone.ActiveCfg = Debug|iPhone
		{6741FCF2-6B61-4F04-AF9D-86DB03D54C7E}.Debug|iPhone.Build.0 = Debug|iPhone
		{6741FCF2-6B61-4F04-AF9D-86DB03D54C7E}.Debug|iPhoneSimulator.ActiveCfg = Debug|iPhoneSimulator
		{6741FCF2-6B61-4F04-AF9D-86DB03D54C7E}.Debug|iPhoneSimulator.Build.0 = Debug|iPhoneSimulator
		{6741FCF2-6B61-4F04-AF9D-86DB03D54C7E}.Release|Any CPU.ActiveCfg = Release|iPhone
		{6741FCF2-6B61-4F04-AF9D-86DB03D54C7E}.Release|iPhone.ActiveCfg = Release|iPhone
		{6741FCF2-6B61-4F04-AF9D-86DB03D54C7E}.Release|iPhone.Build.0 = Release|iPhone
		{6741FCF2-6B61-4F04-AF9D-86DB03D54C7E}.Release|iPhoneSimulator.ActiveCfg = Release|iPhoneSimulator
		{6741FCF2-6B61-4F04-AF9D-86DB03D54C7E}.Release|iPhoneSimulator.Build.0 = Release|iPhoneSimulator
		{42323050-5AD7-4D0B-996D-6356560725AE}.Ad-Hoc|Any CPU.ActiveCfg = Debug|Any CPU
		{42323050-5AD7-4D0B-996D-6356560725AE}.Ad-Hoc|Any CPU.Build.0 = Debug|Any CPU
		{42323050-5AD7-4D0B-996D-6356560725AE}.Ad-Hoc|iPhone.ActiveCfg = Debug|Any CPU
		{42323050-5AD7-4D0B-996D-6356560725AE}.Ad-Hoc|iPhone.Build.0 = Debug|Any CPU
		{42323050-5AD7-4D0B-996D-6356560725AE}.Ad-Hoc|iPhoneSimulator.ActiveCfg = Debug|Any CPU
		{42323050-5AD7-4D0B-996D-6356560725AE}.Ad-Hoc|iPhoneSimulator.Build.0 = Debug|Any CPU
		{42323050-5AD7-4D0B-996D-6356560725AE}.AppStore|Any CPU.ActiveCfg = Debug|Any CPU
		{42323050-5AD7-4D0B-996D-6356560725AE}.AppStore|Any CPU.Build.0 = Debug|Any CPU
		{42323050-5AD7-4D0B-996D-6356560725AE}.AppStore|iPhone.ActiveCfg = Debug|Any CPU
		{42323050-5AD7-4D0B-996D-6356560725AE}.AppStore|iPhone.Build.0 = Debug|Any CPU
		{42323050-5AD7-4D0B-996D-6356560725AE}.AppStore|iPhoneSimulator.ActiveCfg = Debug|Any CPU
		{42323050-5AD7-4D0B-996D-6356560725AE}.AppStore|iPhoneSimulator.Build.0 = Debug|Any CPU
		{42323050-5AD7-4D0B-996D-6356560725AE}.Debug|Any CPU.ActiveCfg = Debug|Any CPU
		{42323050-5AD7-4D0B-996D-6356560725AE}.Debug|Any CPU.Build.0 = Debug|Any CPU
		{42323050-5AD7-4D0B-996D-6356560725AE}.Debug|iPhone.ActiveCfg = Debug|Any CPU
		{42323050-5AD7-4D0B-996D-6356560725AE}.Debug|iPhone.Build.0 = Debug|Any CPU
		{42323050-5AD7-4D0B-996D-6356560725AE}.Debug|iPhoneSimulator.ActiveCfg = Debug|Any CPU
		{42323050-5AD7-4D0B-996D-6356560725AE}.Debug|iPhoneSimulator.Build.0 = Debug|Any CPU
		{42323050-5AD7-4D0B-996D-6356560725AE}.Release|Any CPU.ActiveCfg = Release|Any CPU
		{42323050-5AD7-4D0B-996D-6356560725AE}.Release|Any CPU.Build.0 = Release|Any CPU
		{42323050-5AD7-4D0B-996D-6356560725AE}.Release|iPhone.ActiveCfg = Release|Any CPU
		{42323050-5AD7-4D0B-996D-6356560725AE}.Release|iPhone.Build.0 = Release|Any CPU
		{42323050-5AD7-4D0B-996D-6356560725AE}.Release|iPhoneSimulator.ActiveCfg = Release|Any CPU
		{42323050-5AD7-4D0B-996D-6356560725AE}.Release|iPhoneSimulator.Build.0 = Release|Any CPU
		{3A46A7E6-0565-476E-A3F5-F1D4FF039F2A}.Ad-Hoc|Any CPU.ActiveCfg = Release|Any CPU
		{3A46A7E6-0565-476E-A3F5-F1D4FF039F2A}.Ad-Hoc|Any CPU.Build.0 = Release|Any CPU
		{3A46A7E6-0565-476E-A3F5-F1D4FF039F2A}.Ad-Hoc|Any CPU.Deploy.0 = Release|Any CPU
		{3A46A7E6-0565-476E-A3F5-F1D4FF039F2A}.Ad-Hoc|iPhone.ActiveCfg = Release|Any CPU
		{3A46A7E6-0565-476E-A3F5-F1D4FF039F2A}.Ad-Hoc|iPhone.Build.0 = Release|Any CPU
		{3A46A7E6-0565-476E-A3F5-F1D4FF039F2A}.Ad-Hoc|iPhone.Deploy.0 = Release|Any CPU
		{3A46A7E6-0565-476E-A3F5-F1D4FF039F2A}.Ad-Hoc|iPhoneSimulator.ActiveCfg = Release|Any CPU
		{3A46A7E6-0565-476E-A3F5-F1D4FF039F2A}.Ad-Hoc|iPhoneSimulator.Build.0 = Release|Any CPU
		{3A46A7E6-0565-476E-A3F5-F1D4FF039F2A}.Ad-Hoc|iPhoneSimulator.Deploy.0 = Release|Any CPU
		{3A46A7E6-0565-476E-A3F5-F1D4FF039F2A}.AppStore|Any CPU.ActiveCfg = Release|Any CPU
		{3A46A7E6-0565-476E-A3F5-F1D4FF039F2A}.AppStore|Any CPU.Build.0 = Release|Any CPU
		{3A46A7E6-0565-476E-A3F5-F1D4FF039F2A}.AppStore|Any CPU.Deploy.0 = Release|Any CPU
		{3A46A7E6-0565-476E-A3F5-F1D4FF039F2A}.AppStore|iPhone.ActiveCfg = Release|Any CPU
		{3A46A7E6-0565-476E-A3F5-F1D4FF039F2A}.AppStore|iPhone.Build.0 = Release|Any CPU
		{3A46A7E6-0565-476E-A3F5-F1D4FF039F2A}.AppStore|iPhone.Deploy.0 = Release|Any CPU
		{3A46A7E6-0565-476E-A3F5-F1D4FF039F2A}.AppStore|iPhoneSimulator.ActiveCfg = Release|Any CPU
		{3A46A7E6-0565-476E-A3F5-F1D4FF039F2A}.AppStore|iPhoneSimulator.Build.0 = Release|Any CPU
		{3A46A7E6-0565-476E-A3F5-F1D4FF039F2A}.AppStore|iPhoneSimulator.Deploy.0 = Release|Any CPU
		{3A46A7E6-0565-476E-A3F5-F1D4FF039F2A}.Debug|Any CPU.ActiveCfg = Debug|Any CPU
		{3A46A7E6-0565-476E-A3F5-F1D4FF039F2A}.Debug|Any CPU.Build.0 = Debug|Any CPU
		{3A46A7E6-0565-476E-A3F5-F1D4FF039F2A}.Debug|Any CPU.Deploy.0 = Debug|Any CPU
		{3A46A7E6-0565-476E-A3F5-F1D4FF039F2A}.Debug|iPhone.ActiveCfg = Debug|Any CPU
		{3A46A7E6-0565-476E-A3F5-F1D4FF039F2A}.Debug|iPhone.Build.0 = Debug|Any CPU
		{3A46A7E6-0565-476E-A3F5-F1D4FF039F2A}.Debug|iPhone.Deploy.0 = Debug|Any CPU
		{3A46A7E6-0565-476E-A3F5-F1D4FF039F2A}.Debug|iPhoneSimulator.ActiveCfg = Debug|Any CPU
		{3A46A7E6-0565-476E-A3F5-F1D4FF039F2A}.Debug|iPhoneSimulator.Build.0 = Debug|Any CPU
		{3A46A7E6-0565-476E-A3F5-F1D4FF039F2A}.Debug|iPhoneSimulator.Deploy.0 = Debug|Any CPU
		{3A46A7E6-0565-476E-A3F5-F1D4FF039F2A}.Release|Any CPU.ActiveCfg = Release|Any CPU
		{3A46A7E6-0565-476E-A3F5-F1D4FF039F2A}.Release|Any CPU.Build.0 = Release|Any CPU
		{3A46A7E6-0565-476E-A3F5-F1D4FF039F2A}.Release|Any CPU.Deploy.0 = Release|Any CPU
		{3A46A7E6-0565-476E-A3F5-F1D4FF039F2A}.Release|iPhone.ActiveCfg = Release|Any CPU
		{3A46A7E6-0565-476E-A3F5-F1D4FF039F2A}.Release|iPhone.Build.0 = Release|Any CPU
		{3A46A7E6-0565-476E-A3F5-F1D4FF039F2A}.Release|iPhone.Deploy.0 = Release|Any CPU
		{3A46A7E6-0565-476E-A3F5-F1D4FF039F2A}.Release|iPhoneSimulator.ActiveCfg = Release|Any CPU
		{3A46A7E6-0565-476E-A3F5-F1D4FF039F2A}.Release|iPhoneSimulator.Build.0 = Release|Any CPU
		{3A46A7E6-0565-476E-A3F5-F1D4FF039F2A}.Release|iPhoneSimulator.Deploy.0 = Release|Any CPU
		{66569337-863D-4DA9-85E1-6D8AD0AE7633}.Ad-Hoc|Any CPU.ActiveCfg = Debug|Any CPU
		{66569337-863D-4DA9-85E1-6D8AD0AE7633}.Ad-Hoc|Any CPU.Build.0 = Debug|Any CPU
		{66569337-863D-4DA9-85E1-6D8AD0AE7633}.Ad-Hoc|iPhone.ActiveCfg = Debug|Any CPU
		{66569337-863D-4DA9-85E1-6D8AD0AE7633}.Ad-Hoc|iPhone.Build.0 = Debug|Any CPU
		{66569337-863D-4DA9-85E1-6D8AD0AE7633}.Ad-Hoc|iPhoneSimulator.ActiveCfg = Debug|Any CPU
		{66569337-863D-4DA9-85E1-6D8AD0AE7633}.Ad-Hoc|iPhoneSimulator.Build.0 = Debug|Any CPU
		{66569337-863D-4DA9-85E1-6D8AD0AE7633}.AppStore|Any CPU.ActiveCfg = Debug|Any CPU
		{66569337-863D-4DA9-85E1-6D8AD0AE7633}.AppStore|Any CPU.Build.0 = Debug|Any CPU
		{66569337-863D-4DA9-85E1-6D8AD0AE7633}.AppStore|iPhone.ActiveCfg = Debug|Any CPU
		{66569337-863D-4DA9-85E1-6D8AD0AE7633}.AppStore|iPhone.Build.0 = Debug|Any CPU
		{66569337-863D-4DA9-85E1-6D8AD0AE7633}.AppStore|iPhoneSimulator.ActiveCfg = Debug|Any CPU
		{66569337-863D-4DA9-85E1-6D8AD0AE7633}.AppStore|iPhoneSimulator.Build.0 = Debug|Any CPU
		{66569337-863D-4DA9-85E1-6D8AD0AE7633}.Debug|Any CPU.ActiveCfg = Debug|Any CPU
		{66569337-863D-4DA9-85E1-6D8AD0AE7633}.Debug|Any CPU.Build.0 = Debug|Any CPU
		{66569337-863D-4DA9-85E1-6D8AD0AE7633}.Debug|iPhone.ActiveCfg = Debug|Any CPU
		{66569337-863D-4DA9-85E1-6D8AD0AE7633}.Debug|iPhone.Build.0 = Debug|Any CPU
		{66569337-863D-4DA9-85E1-6D8AD0AE7633}.Debug|iPhoneSimulator.ActiveCfg = Debug|Any CPU
		{66569337-863D-4DA9-85E1-6D8AD0AE7633}.Debug|iPhoneSimulator.Build.0 = Debug|Any CPU
		{66569337-863D-4DA9-85E1-6D8AD0AE7633}.Release|Any CPU.ActiveCfg = Release|Any CPU
		{66569337-863D-4DA9-85E1-6D8AD0AE7633}.Release|Any CPU.Build.0 = Release|Any CPU
		{66569337-863D-4DA9-85E1-6D8AD0AE7633}.Release|iPhone.ActiveCfg = Release|Any CPU
		{66569337-863D-4DA9-85E1-6D8AD0AE7633}.Release|iPhone.Build.0 = Release|Any CPU
		{66569337-863D-4DA9-85E1-6D8AD0AE7633}.Release|iPhoneSimulator.ActiveCfg = Release|Any CPU
		{66569337-863D-4DA9-85E1-6D8AD0AE7633}.Release|iPhoneSimulator.Build.0 = Release|Any CPU
		{03137948-35C9-4521-8DC0-65C8CD9A6BF7}.Ad-Hoc|Any CPU.ActiveCfg = Release|Any CPU
		{03137948-35C9-4521-8DC0-65C8CD9A6BF7}.Ad-Hoc|Any CPU.Build.0 = Release|Any CPU
		{03137948-35C9-4521-8DC0-65C8CD9A6BF7}.Ad-Hoc|Any CPU.Deploy.0 = Release|Any CPU
		{03137948-35C9-4521-8DC0-65C8CD9A6BF7}.Ad-Hoc|iPhone.ActiveCfg = Release|Any CPU
		{03137948-35C9-4521-8DC0-65C8CD9A6BF7}.Ad-Hoc|iPhone.Build.0 = Release|Any CPU
		{03137948-35C9-4521-8DC0-65C8CD9A6BF7}.Ad-Hoc|iPhone.Deploy.0 = Release|Any CPU
		{03137948-35C9-4521-8DC0-65C8CD9A6BF7}.Ad-Hoc|iPhoneSimulator.ActiveCfg = Release|Any CPU
		{03137948-35C9-4521-8DC0-65C8CD9A6BF7}.Ad-Hoc|iPhoneSimulator.Build.0 = Release|Any CPU
		{03137948-35C9-4521-8DC0-65C8CD9A6BF7}.Ad-Hoc|iPhoneSimulator.Deploy.0 = Release|Any CPU
		{03137948-35C9-4521-8DC0-65C8CD9A6BF7}.AppStore|Any CPU.ActiveCfg = Release|Any CPU
		{03137948-35C9-4521-8DC0-65C8CD9A6BF7}.AppStore|Any CPU.Build.0 = Release|Any CPU
		{03137948-35C9-4521-8DC0-65C8CD9A6BF7}.AppStore|Any CPU.Deploy.0 = Release|Any CPU
		{03137948-35C9-4521-8DC0-65C8CD9A6BF7}.AppStore|iPhone.ActiveCfg = Release|Any CPU
		{03137948-35C9-4521-8DC0-65C8CD9A6BF7}.AppStore|iPhone.Build.0 = Release|Any CPU
		{03137948-35C9-4521-8DC0-65C8CD9A6BF7}.AppStore|iPhone.Deploy.0 = Release|Any CPU
		{03137948-35C9-4521-8DC0-65C8CD9A6BF7}.AppStore|iPhoneSimulator.ActiveCfg = Release|Any CPU
		{03137948-35C9-4521-8DC0-65C8CD9A6BF7}.AppStore|iPhoneSimulator.Build.0 = Release|Any CPU
		{03137948-35C9-4521-8DC0-65C8CD9A6BF7}.AppStore|iPhoneSimulator.Deploy.0 = Release|Any CPU
		{03137948-35C9-4521-8DC0-65C8CD9A6BF7}.Debug|Any CPU.ActiveCfg = Debug|Any CPU
		{03137948-35C9-4521-8DC0-65C8CD9A6BF7}.Debug|Any CPU.Build.0 = Debug|Any CPU
		{03137948-35C9-4521-8DC0-65C8CD9A6BF7}.Debug|Any CPU.Deploy.0 = Debug|Any CPU
		{03137948-35C9-4521-8DC0-65C8CD9A6BF7}.Debug|iPhone.ActiveCfg = Debug|Any CPU
		{03137948-35C9-4521-8DC0-65C8CD9A6BF7}.Debug|iPhone.Build.0 = Debug|Any CPU
		{03137948-35C9-4521-8DC0-65C8CD9A6BF7}.Debug|iPhone.Deploy.0 = Debug|Any CPU
		{03137948-35C9-4521-8DC0-65C8CD9A6BF7}.Debug|iPhoneSimulator.ActiveCfg = Debug|Any CPU
		{03137948-35C9-4521-8DC0-65C8CD9A6BF7}.Debug|iPhoneSimulator.Build.0 = Debug|Any CPU
		{03137948-35C9-4521-8DC0-65C8CD9A6BF7}.Debug|iPhoneSimulator.Deploy.0 = Debug|Any CPU
		{03137948-35C9-4521-8DC0-65C8CD9A6BF7}.Release|Any CPU.ActiveCfg = Release|Any CPU
		{03137948-35C9-4521-8DC0-65C8CD9A6BF7}.Release|Any CPU.Build.0 = Release|Any CPU
		{03137948-35C9-4521-8DC0-65C8CD9A6BF7}.Release|Any CPU.Deploy.0 = Release|Any CPU
		{03137948-35C9-4521-8DC0-65C8CD9A6BF7}.Release|iPhone.ActiveCfg = Release|Any CPU
		{03137948-35C9-4521-8DC0-65C8CD9A6BF7}.Release|iPhone.Build.0 = Release|Any CPU
		{03137948-35C9-4521-8DC0-65C8CD9A6BF7}.Release|iPhone.Deploy.0 = Release|Any CPU
		{03137948-35C9-4521-8DC0-65C8CD9A6BF7}.Release|iPhoneSimulator.ActiveCfg = Release|Any CPU
		{03137948-35C9-4521-8DC0-65C8CD9A6BF7}.Release|iPhoneSimulator.Build.0 = Release|Any CPU
		{03137948-35C9-4521-8DC0-65C8CD9A6BF7}.Release|iPhoneSimulator.Deploy.0 = Release|Any CPU
		{C59FDA00-739B-4299-A877-436896CCC494}.Ad-Hoc|Any CPU.ActiveCfg = Debug|Any CPU
		{C59FDA00-739B-4299-A877-436896CCC494}.Ad-Hoc|Any CPU.Build.0 = Debug|Any CPU
		{C59FDA00-739B-4299-A877-436896CCC494}.Ad-Hoc|iPhone.ActiveCfg = Debug|Any CPU
		{C59FDA00-739B-4299-A877-436896CCC494}.Ad-Hoc|iPhone.Build.0 = Debug|Any CPU
		{C59FDA00-739B-4299-A877-436896CCC494}.Ad-Hoc|iPhoneSimulator.ActiveCfg = Debug|Any CPU
		{C59FDA00-739B-4299-A877-436896CCC494}.Ad-Hoc|iPhoneSimulator.Build.0 = Debug|Any CPU
		{C59FDA00-739B-4299-A877-436896CCC494}.AppStore|Any CPU.ActiveCfg = Debug|Any CPU
		{C59FDA00-739B-4299-A877-436896CCC494}.AppStore|Any CPU.Build.0 = Debug|Any CPU
		{C59FDA00-739B-4299-A877-436896CCC494}.AppStore|iPhone.ActiveCfg = Debug|Any CPU
		{C59FDA00-739B-4299-A877-436896CCC494}.AppStore|iPhone.Build.0 = Debug|Any CPU
		{C59FDA00-739B-4299-A877-436896CCC494}.AppStore|iPhoneSimulator.ActiveCfg = Debug|Any CPU
		{C59FDA00-739B-4299-A877-436896CCC494}.AppStore|iPhoneSimulator.Build.0 = Debug|Any CPU
		{C59FDA00-739B-4299-A877-436896CCC494}.Debug|Any CPU.ActiveCfg = Debug|Any CPU
		{C59FDA00-739B-4299-A877-436896CCC494}.Debug|Any CPU.Build.0 = Debug|Any CPU
		{C59FDA00-739B-4299-A877-436896CCC494}.Debug|iPhone.ActiveCfg = Debug|Any CPU
		{C59FDA00-739B-4299-A877-436896CCC494}.Debug|iPhone.Build.0 = Debug|Any CPU
		{C59FDA00-739B-4299-A877-436896CCC494}.Debug|iPhoneSimulator.ActiveCfg = Debug|Any CPU
		{C59FDA00-739B-4299-A877-436896CCC494}.Debug|iPhoneSimulator.Build.0 = Debug|Any CPU
		{C59FDA00-739B-4299-A877-436896CCC494}.Release|Any CPU.ActiveCfg = Release|Any CPU
		{C59FDA00-739B-4299-A877-436896CCC494}.Release|Any CPU.Build.0 = Release|Any CPU
		{C59FDA00-739B-4299-A877-436896CCC494}.Release|iPhone.ActiveCfg = Release|Any CPU
		{C59FDA00-739B-4299-A877-436896CCC494}.Release|iPhone.Build.0 = Release|Any CPU
		{C59FDA00-739B-4299-A877-436896CCC494}.Release|iPhoneSimulator.ActiveCfg = Release|Any CPU
		{C59FDA00-739B-4299-A877-436896CCC494}.Release|iPhoneSimulator.Build.0 = Release|Any CPU
		{04C41821-50A6-420A-B761-967390C8A7C2}.Ad-Hoc|Any CPU.ActiveCfg = Ad-Hoc|iPhone
		{04C41821-50A6-420A-B761-967390C8A7C2}.Ad-Hoc|iPhone.ActiveCfg = Ad-Hoc|iPhone
		{04C41821-50A6-420A-B761-967390C8A7C2}.Ad-Hoc|iPhone.Build.0 = Ad-Hoc|iPhone
		{04C41821-50A6-420A-B761-967390C8A7C2}.Ad-Hoc|iPhoneSimulator.ActiveCfg = Ad-Hoc|iPhoneSimulator
		{04C41821-50A6-420A-B761-967390C8A7C2}.Ad-Hoc|iPhoneSimulator.Build.0 = Ad-Hoc|iPhoneSimulator
		{04C41821-50A6-420A-B761-967390C8A7C2}.AppStore|Any CPU.ActiveCfg = AppStore|iPhone
		{04C41821-50A6-420A-B761-967390C8A7C2}.AppStore|iPhone.ActiveCfg = AppStore|iPhone
		{04C41821-50A6-420A-B761-967390C8A7C2}.AppStore|iPhone.Build.0 = AppStore|iPhone
		{04C41821-50A6-420A-B761-967390C8A7C2}.AppStore|iPhoneSimulator.ActiveCfg = AppStore|iPhoneSimulator
		{04C41821-50A6-420A-B761-967390C8A7C2}.AppStore|iPhoneSimulator.Build.0 = AppStore|iPhoneSimulator
		{04C41821-50A6-420A-B761-967390C8A7C2}.Debug|Any CPU.ActiveCfg = Debug|iPhone
		{04C41821-50A6-420A-B761-967390C8A7C2}.Debug|iPhone.ActiveCfg = Debug|iPhone
		{04C41821-50A6-420A-B761-967390C8A7C2}.Debug|iPhone.Build.0 = Debug|iPhone
		{04C41821-50A6-420A-B761-967390C8A7C2}.Debug|iPhoneSimulator.ActiveCfg = Debug|iPhoneSimulator
		{04C41821-50A6-420A-B761-967390C8A7C2}.Debug|iPhoneSimulator.Build.0 = Debug|iPhoneSimulator
		{04C41821-50A6-420A-B761-967390C8A7C2}.Release|Any CPU.ActiveCfg = Release|iPhone
		{04C41821-50A6-420A-B761-967390C8A7C2}.Release|iPhone.ActiveCfg = Release|iPhone
		{04C41821-50A6-420A-B761-967390C8A7C2}.Release|iPhone.Build.0 = Release|iPhone
		{04C41821-50A6-420A-B761-967390C8A7C2}.Release|iPhoneSimulator.ActiveCfg = Release|iPhoneSimulator
		{04C41821-50A6-420A-B761-967390C8A7C2}.Release|iPhoneSimulator.Build.0 = Release|iPhoneSimulator
		{ED32977C-CA25-4A44-9506-AA235FEF850E}.Ad-Hoc|Any CPU.ActiveCfg = Debug|Any CPU
		{ED32977C-CA25-4A44-9506-AA235FEF850E}.Ad-Hoc|Any CPU.Build.0 = Debug|Any CPU
		{ED32977C-CA25-4A44-9506-AA235FEF850E}.Ad-Hoc|iPhone.ActiveCfg = Debug|Any CPU
		{ED32977C-CA25-4A44-9506-AA235FEF850E}.Ad-Hoc|iPhone.Build.0 = Debug|Any CPU
		{ED32977C-CA25-4A44-9506-AA235FEF850E}.Ad-Hoc|iPhoneSimulator.ActiveCfg = Debug|Any CPU
		{ED32977C-CA25-4A44-9506-AA235FEF850E}.Ad-Hoc|iPhoneSimulator.Build.0 = Debug|Any CPU
		{ED32977C-CA25-4A44-9506-AA235FEF850E}.AppStore|Any CPU.ActiveCfg = Debug|Any CPU
		{ED32977C-CA25-4A44-9506-AA235FEF850E}.AppStore|Any CPU.Build.0 = Debug|Any CPU
		{ED32977C-CA25-4A44-9506-AA235FEF850E}.AppStore|iPhone.ActiveCfg = Debug|Any CPU
		{ED32977C-CA25-4A44-9506-AA235FEF850E}.AppStore|iPhone.Build.0 = Debug|Any CPU
		{ED32977C-CA25-4A44-9506-AA235FEF850E}.AppStore|iPhoneSimulator.ActiveCfg = Debug|Any CPU
		{ED32977C-CA25-4A44-9506-AA235FEF850E}.AppStore|iPhoneSimulator.Build.0 = Debug|Any CPU
		{ED32977C-CA25-4A44-9506-AA235FEF850E}.Debug|Any CPU.ActiveCfg = Debug|Any CPU
		{ED32977C-CA25-4A44-9506-AA235FEF850E}.Debug|Any CPU.Build.0 = Debug|Any CPU
		{ED32977C-CA25-4A44-9506-AA235FEF850E}.Debug|iPhone.ActiveCfg = Debug|Any CPU
		{ED32977C-CA25-4A44-9506-AA235FEF850E}.Debug|iPhone.Build.0 = Debug|Any CPU
		{ED32977C-CA25-4A44-9506-AA235FEF850E}.Debug|iPhoneSimulator.ActiveCfg = Debug|Any CPU
		{ED32977C-CA25-4A44-9506-AA235FEF850E}.Debug|iPhoneSimulator.Build.0 = Debug|Any CPU
		{ED32977C-CA25-4A44-9506-AA235FEF850E}.Release|Any CPU.ActiveCfg = Release|Any CPU
		{ED32977C-CA25-4A44-9506-AA235FEF850E}.Release|Any CPU.Build.0 = Release|Any CPU
		{ED32977C-CA25-4A44-9506-AA235FEF850E}.Release|iPhone.ActiveCfg = Release|Any CPU
		{ED32977C-CA25-4A44-9506-AA235FEF850E}.Release|iPhone.Build.0 = Release|Any CPU
		{ED32977C-CA25-4A44-9506-AA235FEF850E}.Release|iPhoneSimulator.ActiveCfg = Release|Any CPU
		{ED32977C-CA25-4A44-9506-AA235FEF850E}.Release|iPhoneSimulator.Build.0 = Release|Any CPU
	EndGlobalSection
	GlobalSection(SolutionProperties) = preSolution
		HideSolutionNode = FALSE
	EndGlobalSection
	GlobalSection(ExtensibilityGlobals) = postSolution
		SolutionGuid = {ABAB5AA5-1144-4C58-84C3-41D20D82E138}
	EndGlobalSection
EndGlobal
